
Microsoft Visual Studio Solution File, Format Version 12.00
# Visual Studio Version 16
VisualStudioVersion = 16.0.29418.71
MinimumVisualStudioVersion = 10.0.40219.1
Project("{F184B08F-C81C-45F6-A57F-5ABD9991F28F}") = "tugas produktif", "tugas produktif\tugas produktif.vbproj", "{75A1AB76-0DC5-4F9C-84C2-166779B54BCB}"
EndProject
Global
	GlobalSection(SolutionConfigurationPlatforms) = preSolution
		Debug|Any CPU = Debug|Any CPU
		Release|Any CPU = Release|Any CPU
	EndGlobalSection
	GlobalSection(ProjectConfigurationPlatforms) = postSolution
		{75A1AB76-0DC5-4F9C-84C2-166779B54BCB}.Debug|Any CPU.ActiveCfg = Debug|Any CPU
		{75A1AB76-0DC5-4F9C-84C2-166779B54BCB}.Debug|Any CPU.Build.0 = Debug|Any CPU
		{75A1AB76-0DC5-4F9C-84C2-166779B54BCB}.Release|Any CPU.ActiveCfg = Release|Any CPU
		{75A1AB76-0DC5-4F9C-84C2-166779B54BCB}.Release|Any CPU.Build.0 = Release|Any CPU
	EndGlobalSection
	GlobalSection(SolutionProperties) = preSolution
		HideSolutionNode = FALSE
	EndGlobalSection
	GlobalSection(ExtensibilityGlobals) = postSolution
		SolutionGuid = {B293E3F8-B280-42EC-B61C-18F528FE6894}
	EndGlobalSection
EndGlobal
